
Microsoft Visual Studio Solution File, Format Version 12.00
Project("{FAE04EC0-301F-11D3-BF4B-00C04F79EFBC}") = "RelationalDB", "RelationalDB\RelationalDB.csproj", "{31275483-EA78-4252-BB53-A9C9AA29708F}"
EndProject
Project("{FAE04EC0-301F-11D3-BF4B-00C04F79EFBC}") = "RelationDB.Tests", "RelationDB.Tests\RelationDB.Tests.csproj", "{ECE7AA28-27EB-4368-9759-E328913B1C47}"
EndProject
Global
	GlobalSection(SolutionConfigurationPlatforms) = preSolution
		Debug|Any CPU = Debug|Any CPU
		Release|Any CPU = Release|Any CPU
	EndGlobalSection
	GlobalSection(ProjectConfigurationPlatforms) = postSolution
		{31275483-EA78-4252-BB53-A9C9AA29708F}.Debug|Any CPU.ActiveCfg = Debug|Any CPU
		{31275483-EA78-4252-BB53-A9C9AA29708F}.Debug|Any CPU.Build.0 = Debug|Any CPU
		{31275483-EA78-4252-BB53-A9C9AA29708F}.Release|Any CPU.ActiveCfg = Release|Any CPU
		{31275483-EA78-4252-BB53-A9C9AA29708F}.Release|Any CPU.Build.0 = Release|Any CPU
		{ECE7AA28-27EB-4368-9759-E328913B1C47}.Debug|Any CPU.ActiveCfg = Debug|Any CPU
		{ECE7AA28-27EB-4368-9759-E328913B1C47}.Debug|Any CPU.Build.0 = Debug|Any CPU
		{ECE7AA28-27EB-4368-9759-E328913B1C47}.Release|Any CPU.ActiveCfg = Release|Any CPU
		{ECE7AA28-27EB-4368-9759-E328913B1C47}.Release|Any CPU.Build.0 = Release|Any CPU
	EndGlobalSection
EndGlobal
